// !$*UTF8*$!
{
	archiveVersion = 1;
	classes = {
	};
	objectVersion = 46;
	objects = {

/* Begin PBXBuildFile section */
		1D0AF1021B714BD1000CE44B /* JSONSyntaxHighlight.m in Sources */ = {isa = PBXBuildFile; fileRef = 1D0AF1011B714BD1000CE44B /* JSONSyntaxHighlight.m */; };
		1D18E1C31B9CA10C00C6C6B6 /* NSString+MD5.m in Sources */ = {isa = PBXBuildFile; fileRef = 1D18E1C21B9CA10C00C6C6B6 /* NSString+MD5.m */; };
		1D41C5171B64BDCC00AB856B /* AppDelegate.m in Sources */ = {isa = PBXBuildFile; fileRef = 1D41C5161B64BDCC00AB856B /* AppDelegate.m */; };
		1D41C5191B64BDCC00AB856B /* main.m in Sources */ = {isa = PBXBuildFile; fileRef = 1D41C5181B64BDCC00AB856B /* main.m */; };
		1D41C51B1B64BDCC00AB856B /* Images.xcassets in Resources */ = {isa = PBXBuildFile; fileRef = 1D41C51A1B64BDCC00AB856B /* Images.xcassets */; };
		1D41C51E1B64BDCC00AB856B /* MainMenu.xib in Resources */ = {isa = PBXBuildFile; fileRef = 1D41C51C1B64BDCC00AB856B /* MainMenu.xib */; };
		1D41C52A1B64BDCC00AB856B /* UtilityTests.m in Sources */ = {isa = PBXBuildFile; fileRef = 1D41C5291B64BDCC00AB856B /* UtilityTests.m */; };
		1D41C5341B64BDF100AB856B /* Utility.icns in Resources */ = {isa = PBXBuildFile; fileRef = 1D41C5331B64BDF100AB856B /* Utility.icns */; };
		1D41C5371B64BF6600AB856B /* Credits.rtf in Resources */ = {isa = PBXBuildFile; fileRef = 1D41C5361B64BF6600AB856B /* Credits.rtf */; };
		1D41C53A1B64C1FC00AB856B /* Utility.m in Sources */ = {isa = PBXBuildFile; fileRef = 1D41C5391B64C1FC00AB856B /* Utility.m */; };
		1DD3C3021B652443008F1349 /* WebKit.framework in Frameworks */ = {isa = PBXBuildFile; fileRef = 1DD3C3011B652443008F1349 /* WebKit.framework */; };
		1DD3C3051B652B44008F1349 /* index.html in Resources */ = {isa = PBXBuildFile; fileRef = 1DD3C3041B652B44008F1349 /* index.html */; };
/* End PBXBuildFile section */

/* Begin PBXContainerItemProxy section */
		1D41C5241B64BDCC00AB856B /* PBXContainerItemProxy */ = {
			isa = PBXContainerItemProxy;
			containerPortal = 1D41C5081B64BDCB00AB856B /* Project object */;
			proxyType = 1;
			remoteGlobalIDString = 1D41C50F1B64BDCC00AB856B;
			remoteInfo = Utility;
		};
/* End PBXContainerItemProxy section */

/* Begin PBXFileReference section */
		1D0AF1001B714BD1000CE44B /* JSONSyntaxHighlight.h */ = {isa = PBXFileReference; fileEncoding = 4; lastKnownFileType = sourcecode.c.h; path = JSONSyntaxHighlight.h; sourceTree = "<group>"; };
		1D0AF1011B714BD1000CE44B /* JSONSyntaxHighlight.m */ = {isa = PBXFileReference; fileEncoding = 4; lastKnownFileType = sourcecode.c.objc; path = JSONSyntaxHighlight.m; sourceTree = "<group>"; };
		1D18E1C11B9CA10C00C6C6B6 /* NSString+MD5.h */ = {isa = PBXFileReference; fileEncoding = 4; lastKnownFileType = sourcecode.c.h; path = "NSString+MD5.h"; sourceTree = "<group>"; };
		1D18E1C21B9CA10C00C6C6B6 /* NSString+MD5.m */ = {isa = PBXFileReference; fileEncoding = 4; lastKnownFileType = sourcecode.c.objc; path = "NSString+MD5.m"; sourceTree = "<group>"; };
		1D41C5101B64BDCC00AB856B /* Utility.app */ = {isa = PBXFileReference; explicitFileType = wrapper.application; includeInIndex = 0; path = Utility.app; sourceTree = BUILT_PRODUCTS_DIR; };
		1D41C5141B64BDCC00AB856B /* Info.plist */ = {isa = PBXFileReference; lastKnownFileType = text.plist.xml; path = Info.plist; sourceTree = "<group>"; };
		1D41C5151B64BDCC00AB856B /* AppDelegate.h */ = {isa = PBXFileReference; lastKnownFileType = sourcecode.c.h; path = AppDelegate.h; sourceTree = "<group>"; };
		1D41C5161B64BDCC00AB856B /* AppDelegate.m */ = {isa = PBXFileReference; lastKnownFileType = sourcecode.c.objc; path = AppDelegate.m; sourceTree = "<group>"; };
		1D41C5181B64BDCC00AB856B /* main.m */ = {isa = PBXFileReference; lastKnownFileType = sourcecode.c.objc; path = main.m; sourceTree = "<group>"; };
		1D41C51A1B64BDCC00AB856B /* Images.xcassets */ = {isa = PBXFileReference; lastKnownFileType = folder.assetcatalog; path = Images.xcassets; sourceTree = "<group>"; };
		1D41C51D1B64BDCC00AB856B /* Base */ = {isa = PBXFileReference; lastKnownFileType = file.xib; name = Base; path = Base.lproj/MainMenu.xib; sourceTree = "<group>"; };
		1D41C5231B64BDCC00AB856B /* UtilityTests.xctest */ = {isa = PBXFileReference; explicitFileType = wrapper.cfbundle; includeInIndex = 0; path = UtilityTests.xctest; sourceTree = BUILT_PRODUCTS_DIR; };
		1D41C5281B64BDCC00AB856B /* Info.plist */ = {isa = PBXFileReference; lastKnownFileType = text.plist.xml; path = Info.plist; sourceTree = "<group>"; };
		1D41C5291B64BDCC00AB856B /* UtilityTests.m */ = {isa = PBXFileReference; lastKnownFileType = sourcecode.c.objc; path = UtilityTests.m; sourceTree = "<group>"; };
		1D41C5331B64BDF100AB856B /* Utility.icns */ = {isa = PBXFileReference; lastKnownFileType = image.icns; path = Utility.icns; sourceTree = "<group>"; };
		1D41C5361B64BF6600AB856B /* Credits.rtf */ = {isa = PBXFileReference; fileEncoding = 4; lastKnownFileType = text.rtf; path = Credits.rtf; sourceTree = "<group>"; };
		1D41C5381B64C1FC00AB856B /* Utility.h */ = {isa = PBXFileReference; fileEncoding = 4; lastKnownFileType = sourcecode.c.h; path = Utility.h; sourceTree = "<group>"; };
		1D41C5391B64C1FC00AB856B /* Utility.m */ = {isa = PBXFileReference; fileEncoding = 4; lastKnownFileType = sourcecode.c.objc; path = Utility.m; sourceTree = "<group>"; };
		1DD3C3011B652443008F1349 /* WebKit.framework */ = {isa = PBXFileReference; lastKnownFileType = wrapper.framework; name = WebKit.framework; path = System/Library/Frameworks/WebKit.framework; sourceTree = SDKROOT; };
		1DD3C3041B652B44008F1349 /* index.html */ = {isa = PBXFileReference; fileEncoding = 4; lastKnownFileType = text.html; path = index.html; sourceTree = "<group>"; };
		1DEEFCB41B7788B6007D0A19 /* Utility.entitlements */ = {isa = PBXFileReference; lastKnownFileType = text.xml; path = Utility.entitlements; sourceTree = "<group>"; };
/* End PBXFileReference section */

/* Begin PBXFrameworksBuildPhase section */
		1D41C50D1B64BDCC00AB856B /* Frameworks */ = {
			isa = PBXFrameworksBuildPhase;
			buildActionMask = 2147483647;
			files = (
				1DD3C3021B652443008F1349 /* WebKit.framework in Frameworks */,
			);
			runOnlyForDeploymentPostprocessing = 0;
		};
		1D41C5201B64BDCC00AB856B /* Frameworks */ = {
			isa = PBXFrameworksBuildPhase;
			buildActionMask = 2147483647;
			files = (
			);
			runOnlyForDeploymentPostprocessing = 0;
		};
/* End PBXFrameworksBuildPhase section */

/* Begin PBXGroup section */
		1D0AF0FF1B714BC0000CE44B /* Other */ = {
			isa = PBXGroup;
			children = (
				1D0AF1001B714BD1000CE44B /* JSONSyntaxHighlight.h */,
				1D0AF1011B714BD1000CE44B /* JSONSyntaxHighlight.m */,
				1D18E1C11B9CA10C00C6C6B6 /* NSString+MD5.h */,
				1D18E1C21B9CA10C00C6C6B6 /* NSString+MD5.m */,
			);
			name = Other;
			sourceTree = "<group>";
		};
		1D41C5071B64BDCB00AB856B = {
			isa = PBXGroup;
			children = (
				1D41C5121B64BDCC00AB856B /* Utility */,
				1DD3C3031B65244F008F1349 /* Frameworks */,
				1D41C5261B64BDCC00AB856B /* UtilityTests */,
				1D41C5111B64BDCC00AB856B /* Products */,
			);
			sourceTree = "<group>";
		};
		1D41C5111B64BDCC00AB856B /* Products */ = {
			isa = PBXGroup;
			children = (
				1D41C5101B64BDCC00AB856B /* Utility.app */,
				1D41C5231B64BDCC00AB856B /* UtilityTests.xctest */,
			);
			name = Products;
			sourceTree = "<group>";
		};
		1D41C5121B64BDCC00AB856B /* Utility */ = {
			isa = PBXGroup;
			children = (
				1DEEFCB41B7788B6007D0A19 /* Utility.entitlements */,
				1D0AF0FF1B714BC0000CE44B /* Other */,
				1D41C5151B64BDCC00AB856B /* AppDelegate.h */,
				1D41C5161B64BDCC00AB856B /* AppDelegate.m */,
				1D41C51A1B64BDCC00AB856B /* Images.xcassets */,
				1D41C51C1B64BDCC00AB856B /* MainMenu.xib */,
				1D41C5381B64C1FC00AB856B /* Utility.h */,
				1D41C5391B64C1FC00AB856B /* Utility.m */,
				1D41C5351B64BF5400AB856B /* Resources */,
				1D41C5131B64BDCC00AB856B /* Supporting Files */,
			);
			path = Utility;
			sourceTree = "<group>";
		};
		1D41C5131B64BDCC00AB856B /* Supporting Files */ = {
			isa = PBXGroup;
			children = (
				1D41C5141B64BDCC00AB856B /* Info.plist */,
				1D41C5181B64BDCC00AB856B /* main.m */,
			);
			name = "Supporting Files";
			sourceTree = "<group>";
		};
		1D41C5261B64BDCC00AB856B /* UtilityTests */ = {
			isa = PBXGroup;
			children = (
				1D41C5291B64BDCC00AB856B /* UtilityTests.m */,
				1D41C5271B64BDCC00AB856B /* Supporting Files */,
			);
			path = UtilityTests;
			sourceTree = "<group>";
		};
		1D41C5271B64BDCC00AB856B /* Supporting Files */ = {
			isa = PBXGroup;
			children = (
				1D41C5281B64BDCC00AB856B /* Info.plist */,
			);
			name = "Supporting Files";
			sourceTree = "<group>";
		};
		1D41C5351B64BF5400AB856B /* Resources */ = {
			isa = PBXGroup;
			children = (
				1D41C5361B64BF6600AB856B /* Credits.rtf */,
				1DD3C3041B652B44008F1349 /* index.html */,
				1D41C5331B64BDF100AB856B /* Utility.icns */,
			);
			name = Resources;
			sourceTree = "<group>";
		};
		1DD3C3031B65244F008F1349 /* Frameworks */ = {
			isa = PBXGroup;
			children = (
				1DD3C3011B652443008F1349 /* WebKit.framework */,
			);
			name = Frameworks;
			sourceTree = "<group>";
		};
/* End PBXGroup section */

/* Begin PBXNativeTarget section */
		1D41C50F1B64BDCC00AB856B /* Utility */ = {
			isa = PBXNativeTarget;
			buildConfigurationList = 1D41C52D1B64BDCC00AB856B /* Build configuration list for PBXNativeTarget "Utility" */;
			buildPhases = (
				1D41C50C1B64BDCC00AB856B /* Sources */,
				1D41C50D1B64BDCC00AB856B /* Frameworks */,
				1D41C50E1B64BDCC00AB856B /* Resources */,
			);
			buildRules = (
			);
			dependencies = (
			);
			name = Utility;
			productName = Utility;
			productReference = 1D41C5101B64BDCC00AB856B /* Utility.app */;
			productType = "com.apple.product-type.application";
		};
		1D41C5221B64BDCC00AB856B /* UtilityTests */ = {
			isa = PBXNativeTarget;
			buildConfigurationList = 1D41C5301B64BDCC00AB856B /* Build configuration list for PBXNativeTarget "UtilityTests" */;
			buildPhases = (
				1D41C51F1B64BDCC00AB856B /* Sources */,
				1D41C5201B64BDCC00AB856B /* Frameworks */,
				1D41C5211B64BDCC00AB856B /* Resources */,
			);
			buildRules = (
			);
			dependencies = (
				1D41C5251B64BDCC00AB856B /* PBXTargetDependency */,
			);
			name = UtilityTests;
			productName = UtilityTests;
			productReference = 1D41C5231B64BDCC00AB856B /* UtilityTests.xctest */;
			productType = "com.apple.product-type.bundle.unit-test";
		};
/* End PBXNativeTarget section */

/* Begin PBXProject section */
		1D41C5081B64BDCB00AB856B /* Project object */ = {
			isa = PBXProject;
			attributes = {
				LastUpgradeCheck = 0640;
				ORGANIZATIONNAME = "Alex Hedley";
				TargetAttributes = {
					1D41C50F1B64BDCC00AB856B = {
						CreatedOnToolsVersion = 6.4;
						DevelopmentTeam = K8757Q7C3B;
						SystemCapabilities = {
							com.apple.Sandbox = {
								enabled = 1;
							};
						};
					};
					1D41C5221B64BDCC00AB856B = {
						CreatedOnToolsVersion = 6.4;
						TestTargetID = 1D41C50F1B64BDCC00AB856B;
					};
				};
			};
			buildConfigurationList = 1D41C50B1B64BDCB00AB856B /* Build configuration list for PBXProject "Utility" */;
			compatibilityVersion = "Xcode 3.2";
			developmentRegion = English;
			hasScannedForEncodings = 0;
			knownRegions = (
				en,
				Base,
			);
			mainGroup = 1D41C5071B64BDCB00AB856B;
			productRefGroup = 1D41C5111B64BDCC00AB856B /* Products */;
			projectDirPath = "";
			projectRoot = "";
			targets = (
				1D41C50F1B64BDCC00AB856B /* Utility */,
				1D41C5221B64BDCC00AB856B /* UtilityTests */,
			);
		};
/* End PBXProject section */

/* Begin PBXResourcesBuildPhase section */
		1D41C50E1B64BDCC00AB856B /* Resources */ = {
			isa = PBXResourcesBuildPhase;
			buildActionMask = 2147483647;
			files = (
				1DD3C3051B652B44008F1349 /* index.html in Resources */,
				1D41C5341B64BDF100AB856B /* Utility.icns in Resources */,
				1D41C51B1B64BDCC00AB856B /* Images.xcassets in Resources */,
				1D41C51E1B64BDCC00AB856B /* MainMenu.xib in Resources */,
				1D41C5371B64BF6600AB856B /* Credits.rtf in Resources */,
			);
			runOnlyForDeploymentPostprocessing = 0;
		};
		1D41C5211B64BDCC00AB856B /* Resources */ = {
			isa = PBXResourcesBuildPhase;
			buildActionMask = 2147483647;
			files = (
			);
			runOnlyForDeploymentPostprocessing = 0;
		};
/* End PBXResourcesBuildPhase section */

/* Begin PBXSourcesBuildPhase section */
		1D41C50C1B64BDCC00AB856B /* Sources */ = {
			isa = PBXSourcesBuildPhase;
			buildActionMask = 2147483647;
			files = (
				1D41C5191B64BDCC00AB856B /* main.m in Sources */,
				1D0AF1021B714BD1000CE44B /* JSONSyntaxHighlight.m in Sources */,
				1D18E1C31B9CA10C00C6C6B6 /* NSString+MD5.m in Sources */,
				1D41C53A1B64C1FC00AB856B /* Utility.m in Sources */,
				1D41C5171B64BDCC00AB856B /* AppDelegate.m in Sources */,
			);
			runOnlyForDeploymentPostprocessing = 0;
		};
		1D41C51F1B64BDCC00AB856B /* Sources */ = {
			isa = PBXSourcesBuildPhase;
			buildActionMask = 2147483647;
			files = (
				1D41C52A1B64BDCC00AB856B /* UtilityTests.m in Sources */,
			);
			runOnlyForDeploymentPostprocessing = 0;
		};
/* End PBXSourcesBuildPhase section */

/* Begin PBXTargetDependency section */
		1D41C5251B64BDCC00AB856B /* PBXTargetDependency */ = {
			isa = PBXTargetDependency;
			target = 1D41C50F1B64BDCC00AB856B /* Utility */;
			targetProxy = 1D41C5241B64BDCC00AB856B /* PBXContainerItemProxy */;
		};
/* End PBXTargetDependency section */

/* Begin PBXVariantGroup section */
		1D41C51C1B64BDCC00AB856B /* MainMenu.xib */ = {
			isa = PBXVariantGroup;
			children = (
				1D41C51D1B64BDCC00AB856B /* Base */,
			);
			name = MainMenu.xib;
			sourceTree = "<group>";
		};
/* End PBXVariantGroup section */

/* Begin XCBuildConfiguration section */
		1D41C52B1B64BDCC00AB856B /* Debug */ = {
			isa = XCBuildConfiguration;
			buildSettings = {
				ALWAYS_SEARCH_USER_PATHS = NO;
				CLANG_CXX_LANGUAGE_STANDARD = "gnu++0x";
				CLANG_CXX_LIBRARY = "libc++";
				CLANG_ENABLE_MODULES = YES;
				CLANG_ENABLE_OBJC_ARC = YES;
				CLANG_WARN_BOOL_CONVERSION = YES;
				CLANG_WARN_CONSTANT_CONVERSION = YES;
				CLANG_WARN_DIRECT_OBJC_ISA_USAGE = YES_ERROR;
				CLANG_WARN_EMPTY_BODY = YES;
				CLANG_WARN_ENUM_CONVERSION = YES;
				CLANG_WARN_INT_CONVERSION = YES;
				CLANG_WARN_OBJC_ROOT_CLASS = YES_ERROR;
				CLANG_WARN_UNREACHABLE_CODE = YES;
				CLANG_WARN__DUPLICATE_METHOD_MATCH = YES;
				CODE_SIGN_IDENTITY = "-";
				COPY_PHASE_STRIP = NO;
				DEBUG_INFORMATION_FORMAT = dwarf;
				ENABLE_STRICT_OBJC_MSGSEND = YES;
				GCC_C_LANGUAGE_STANDARD = gnu99;
				GCC_DYNAMIC_NO_PIC = NO;
				GCC_NO_COMMON_BLOCKS = YES;
				GCC_OPTIMIZATION_LEVEL = 0;
				GCC_PREPROCESSOR_DEFINITIONS = (
					"DEBUG=1",
					"$(inherited)",
				);
				GCC_SYMBOLS_PRIVATE_EXTERN = NO;
				GCC_WARN_64_TO_32_BIT_CONVERSION = YES;
				GCC_WARN_ABOUT_RETURN_TYPE = YES_ERROR;
				GCC_WARN_UNDECLARED_SELECTOR = YES;
				GCC_WARN_UNINITIALIZED_AUTOS = YES_AGGRESSIVE;
				GCC_WARN_UNUSED_FUNCTION = YES;
				GCC_WARN_UNUSED_VARIABLE = YES;
				MACOSX_DEPLOYMENT_TARGET = 10.10;
				MTL_ENABLE_DEBUG_INFO = YES;
				ONLY_ACTIVE_ARCH = YES;
				SDKROOT = macosx;
			};
			name = Debug;
		};
		1D41C52C1B64BDCC00AB856B /* Release */ = {
			isa = XCBuildConfiguration;
			buildSettings = {
				ALWAYS_SEARCH_USER_PATHS = NO;
				CLANG_CXX_LANGUAGE_STANDARD = "gnu++0x";
				CLANG_CXX_LIBRARY = "libc++";
				CLANG_ENABLE_MODULES = YES;
				CLANG_ENABLE_OBJC_ARC = YES;
				CLANG_WARN_BOOL_CONVERSION = YES;
				CLANG_WARN_CONSTANT_CONVERSION = YES;
				CLANG_WARN_DIRECT_OBJC_ISA_USAGE = YES_ERROR;
				CLANG_WARN_EMPTY_BODY = YES;
				CLANG_WARN_ENUM_CONVERSION = YES;
				CLANG_WARN_INT_CONVERSION = YES;
				CLANG_WARN_OBJC_ROOT_CLASS = YES_ERROR;
				CLANG_WARN_UNREACHABLE_CODE = YES;
				CLANG_WARN__DUPLICATE_METHOD_MATCH = YES;
				CODE_SIGN_IDENTITY = "-";
				COPY_PHASE_STRIP = NO;
				DEBUG_INFORMATION_FORMAT = "dwarf-with-dsym";
				ENABLE_NS_ASSERTIONS = NO;
				ENABLE_STRICT_OBJC_MSGSEND = YES;
				GCC_C_LANGUAGE_STANDARD = gnu99;
				GCC_NO_COMMON_BLOCKS = YES;
				GCC_WARN_64_TO_32_BIT_CONVERSION = YES;
				GCC_WARN_ABOUT_RETURN_TYPE = YES_ERROR;
				GCC_WARN_UNDECLARED_SELECTOR = YES;
				GCC_WARN_UNINITIALIZED_AUTOS = YES_AGGRESSIVE;
				GCC_WARN_UNUSED_FUNCTION = YES;
				GCC_WARN_UNUSED_VARIABLE = YES;
				MACOSX_DEPLOYMENT_TARGET = 10.10;
				MTL_ENABLE_DEBUG_INFO = NO;
				SDKROOT = macosx;
			};
			name = Release;
		};
		1D41C52E1B64BDCC00AB856B /* Debug */ = {
			isa = XCBuildConfiguration;
			buildSettings = {
				ASSETCATALOG_COMPILER_APPICON_NAME = AppIcon;
				CODE_SIGN_ENTITLEMENTS = Utility/Utility.entitlements;
				CODE_SIGN_IDENTITY = "Mac Developer";
				COMBINE_HIDPI_IMAGES = YES;
				HEADER_SEARCH_PATHS = (
					"$(inherited)",
					/Applications/Xcode.app/Contents/Developer/Toolchains/XcodeDefault.xctoolchain/usr/include,
					/usr/include/libxml2,
				);
				INFOPLIST_FILE = Utility/Info.plist;
				LD_RUNPATH_SEARCH_PATHS = "$(inherited) @executable_path/../Frameworks";
				OTHER_LDFLAGS = "-lxml2";
				PRODUCT_NAME = "$(TARGET_NAME)";
			};
			name = Debug;
		};
		1D41C52F1B64BDCC00AB856B /* Release */ = {
			isa = XCBuildConfiguration;
			buildSettings = {
				ASSETCATALOG_COMPILER_APPICON_NAME = AppIcon;
				CODE_SIGN_ENTITLEMENTS = Utility/Utility.entitlements;
				CODE_SIGN_IDENTITY = "Mac Developer";
				COMBINE_HIDPI_IMAGES = YES;
				HEADER_SEARCH_PATHS = (
					"$(inherited)",
					/Applications/Xcode.app/Contents/Developer/Toolchains/XcodeDefault.xctoolchain/usr/include,
					/usr/include/libxml2,
				);
				INFOPLIST_FILE = Utility/Info.plist;
				LD_RUNPATH_SEARCH_PATHS = "$(inherited) @executable_path/../Frameworks";
				OTHER_LDFLAGS = "-lxml2";
				PRODUCT_NAME = "$(TARGET_NAME)";
			};
			name = Release;
		};
		1D41C5311B64BDCC00AB856B /* Debug */ = {
			isa = XCBuildConfiguration;
			buildSettings = {
				BUNDLE_LOADER = "$(TEST_HOST)";
				COMBINE_HIDPI_IMAGES = YES;
				FRAMEWORK_SEARCH_PATHS = (
					"$(DEVELOPER_FRAMEWORKS_DIR)",
					"$(inherited)",
				);
				GCC_PREPROCESSOR_DEFINITIONS = (
					"DEBUG=1",
					"$(inherited)",
				);
				INFOPLIST_FILE = UtilityTests/Info.plist;
				LD_RUNPATH_SEARCH_PATHS = "$(inherited) @executable_path/../Frameworks @loader_path/../Frameworks";
				PRODUCT_NAME = "$(TARGET_NAME)";
				TEST_HOST = "$(BUILT_PRODUCTS_DIR)/Utility.app/Contents/MacOS/Utility";
			};
			name = Debug;
		};
		1D41C5321B64BDCC00AB856B /* Release */ = {
			isa = XCBuildConfiguration;
			buildSettings = {
				BUNDLE_LOADER = "$(TEST_HOST)";
				COMBINE_HIDPI_IMAGES = YES;
				FRAMEWORK_SEARCH_PATHS = (
					"$(DEVELOPER_FRAMEWORKS_DIR)",
					"$(inherited)",
				);
				INFOPLIST_FILE = UtilityTests/Info.plist;
				LD_RUNPATH_SEARCH_PATHS = "$(inherited) @executable_path/../Frameworks @loader_path/../Frameworks";
				PRODUCT_NAME = "$(TARGET_NAME)";
				TEST_HOST = "$(BUILT_PRODUCTS_DIR)/Utility.app/Contents/MacOS/Utility";
			};
			name = Release;
		};
/* End XCBuildConfiguration section */

/* Begin XCConfigurationList section */
		1D41C50B1B64BDCB00AB856B /* Build configuration list for PBXProject "Utility" */ = {
			isa = XCConfigurationList;
			buildConfigurations = (
				1D41C52B1B64BDCC00AB856B /* Debug */,
				1D41C52C1B64BDCC00AB856B /* Release */,
			);
			defaultConfigurationIsVisible = 0;
			defaultConfigurationName = Release;
		};
		1D41C52D1B64BDCC00AB856B /* Build configuration list for PBXNativeTarget "Utility" */ = {
			isa = XCConfigurationList;
			buildConfigurations = (
				1D41C52E1B64BDCC00AB856B /* Debug */,
				1D41C52F1B64BDCC00AB856B /* Release */,
			);
			defaultConfigurationIsVisible = 0;
			defaultConfigurationName = Release;
		};
		1D41C5301B64BDCC00AB856B /* Build configuration list for PBXNativeTarget "UtilityTests" */ = {
			isa = XCConfigurationList;
			buildConfigurations = (
				1D41C5311B64BDCC00AB856B /* Debug */,
				1D41C5321B64BDCC00AB856B /* Release */,
			);
			defaultConfigurationIsVisible = 0;
			defaultConfigurationName = Release;
		};
/* End XCConfigurationList section */
	};
	rootObject = 1D41C5081B64BDCB00AB856B /* Project object */;
}
